
Microsoft Visual Studio Solution File, Format Version 12.00
# Visual Studio Version 16
VisualStudioVersion = 16.0.34031.81
MinimumVisualStudioVersion = 10.0.40219.1
Project("{F184B08F-C81C-45F6-A57F-5ABD9991F28F}") = "PPV_Equipo1", "PPV_Equipo1.vbproj", "{66892393-0A76-4711-AA25-63025D8ADF00}"
EndProject
Global
	GlobalSection(SolutionConfigurationPlatforms) = preSolution
		Debug|Any CPU = Debug|Any CPU
		Release|Any CPU = Release|Any CPU
	EndGlobalSection
	GlobalSection(ProjectConfigurationPlatforms) = postSolution
		{66892393-0A76-4711-AA25-63025D8ADF00}.Debug|Any CPU.ActiveCfg = Debug|Any CPU
		{66892393-0A76-4711-AA25-63025D8ADF00}.Debug|Any CPU.Build.0 = Debug|Any CPU
		{66892393-0A76-4711-AA25-63025D8ADF00}.Release|Any CPU.ActiveCfg = Release|Any CPU
		{66892393-0A76-4711-AA25-63025D8ADF00}.Release|Any CPU.Build.0 = Release|Any CPU
	EndGlobalSection
	GlobalSection(SolutionProperties) = preSolution
		HideSolutionNode = FALSE
	EndGlobalSection
	GlobalSection(ExtensibilityGlobals) = postSolution
		SolutionGuid = {93000F74-EFEA-4FC5-AB31-B9DAC9DF7BB9}
	EndGlobalSection
EndGlobal
